{
  "name": "anthony-lam",
  "version": "4.0.0",
  "lockfileVersion": 3,
  "requires": true,
  "comment": "skills locked in through hands-on projects — see /projects",
  "packages": {
    "": {
      "name": "anthony-lam",
      "version": "4.0.0",
      "dependencies": {
        "typescript": "^5.x",
        "react": "^19.x",
        "next": "^15.x",
        "spring-boot": "^3.x",
        "postgresql": "^16.x (neon)",
        "aws": "^2025.x"
      }
    }
  }
}
